
Microsoft Visual Studio Solution File, Format Version 12.00
# Visual Studio 15
VisualStudioVersion = 15.0.28307.757
MinimumVisualStudioVersion = 10.0.40219.1
Project("{E24C65DC-7377-472B-9ABA-BC803B73C61A}") = "PassisNew", "..\..\..\..\..\..\ASPNETApplications\PassisNew\", "{A12C66FD-6B7B-41EA-A27C-93B89F27BB78}"
	ProjectSection(WebsiteProperties) = preProject
		TargetFrameworkMoniker = ".NETFramework,Version%3Dv4.0"
		Debug.AspNetCompiler.VirtualPath = "/localhost_27033"
		Debug.AspNetCompiler.PhysicalPath = "..\..\..\..\..\..\ASPNETApplications\PassisNew\"
		Debug.AspNetCompiler.TargetPath = "PrecompiledWeb\localhost_27033\"
		Debug.AspNetCompiler.Updateable = "true"
		Debug.AspNetCompiler.ForceOverwrite = "true"
		Debug.AspNetCompiler.FixedNames = "false"
		Debug.AspNetCompiler.Debug = "True"
		Release.AspNetCompiler.VirtualPath = "/localhost_27033"
		Release.AspNetCompiler.PhysicalPath = "..\..\..\..\..\..\ASPNETApplications\PassisNew\"
		Release.AspNetCompiler.TargetPath = "PrecompiledWeb\localhost_27033\"
		Release.AspNetCompiler.Updateable = "true"
		Release.AspNetCompiler.ForceOverwrite = "true"
		Release.AspNetCompiler.FixedNames = "false"
		Release.AspNetCompiler.Debug = "False"
		VWDPort = "27033"
		SlnRelativePath = "..\..\..\..\..\..\ASPNETApplications\PassisNew\"
	EndProjectSection
EndProject
Global
	GlobalSection(SolutionConfigurationPlatforms) = preSolution
		Debug|Any CPU = Debug|Any CPU
	EndGlobalSection
	GlobalSection(ProjectConfigurationPlatforms) = postSolution
		{A12C66FD-6B7B-41EA-A27C-93B89F27BB78}.Debug|Any CPU.ActiveCfg = Debug|Any CPU
		{A12C66FD-6B7B-41EA-A27C-93B89F27BB78}.Debug|Any CPU.Build.0 = Debug|Any CPU
	EndGlobalSection
	GlobalSection(SolutionProperties) = preSolution
		HideSolutionNode = FALSE
	EndGlobalSection
	GlobalSection(ExtensibilityGlobals) = postSolution
		SolutionGuid = {21543649-BA0E-4833-BEF2-15EF92715073}
	EndGlobalSection
EndGlobal
